
Microsoft Visual Studio Solution File, Format Version 12.00
# Visual Studio 2012
Project("{FAE04EC0-301F-11D3-BF4B-00C04F79EFBC}") = "Basics", "Basics\Basics.csproj", "{006ECBC1-6BB5-4D4C-97B1-26EED033B699}"
EndProject
Project("{FAE04EC0-301F-11D3-BF4B-00C04F79EFBC}") = "EventModel", "EventModel\EventModel.csproj", "{5DF6A028-01F4-4B5D-885F-1BB1BFC95C31}"
EndProject
Global
	GlobalSection(SolutionConfigurationPlatforms) = preSolution
		Debug|Any CPU = Debug|Any CPU
		Release|Any CPU = Release|Any CPU
	EndGlobalSection
	GlobalSection(ProjectConfigurationPlatforms) = postSolution
		{006ECBC1-6BB5-4D4C-97B1-26EED033B699}.Debug|Any CPU.ActiveCfg = Debug|Any CPU
		{006ECBC1-6BB5-4D4C-97B1-26EED033B699}.Debug|Any CPU.Build.0 = Debug|Any CPU
		{006ECBC1-6BB5-4D4C-97B1-26EED033B699}.Release|Any CPU.ActiveCfg = Release|Any CPU
		{006ECBC1-6BB5-4D4C-97B1-26EED033B699}.Release|Any CPU.Build.0 = Release|Any CPU
		{5DF6A028-01F4-4B5D-885F-1BB1BFC95C31}.Debug|Any CPU.ActiveCfg = Debug|Any CPU
		{5DF6A028-01F4-4B5D-885F-1BB1BFC95C31}.Debug|Any CPU.Build.0 = Debug|Any CPU
		{5DF6A028-01F4-4B5D-885F-1BB1BFC95C31}.Release|Any CPU.ActiveCfg = Release|Any CPU
		{5DF6A028-01F4-4B5D-885F-1BB1BFC95C31}.Release|Any CPU.Build.0 = Release|Any CPU
	EndGlobalSection
	GlobalSection(SolutionProperties) = preSolution
		HideSolutionNode = FALSE
	EndGlobalSection
EndGlobal
